
Microsoft Visual Studio Solution File, Format Version 12.00
# Visual Studio Version 17
VisualStudioVersion = 17.14.36518.9 d17.14
MinimumVisualStudioVersion = 10.0.40219.1
Project("{FAE04EC0-301F-11D3-BF4B-00C04F79EFBC}") = "TheOmenDen.VRMParser", "TheOmenDen.VRMParser\TheOmenDen.VRMParser.csproj", "{C6420B9A-208D-4BB4-A617-F83EC0CBBEBA}"
EndProject
Global
	GlobalSection(SolutionConfigurationPlatforms) = preSolution
		Debug|Any CPU = Debug|Any CPU
		Release|Any CPU = Release|Any CPU
	EndGlobalSection
	GlobalSection(ProjectConfigurationPlatforms) = postSolution
		{C6420B9A-208D-4BB4-A617-F83EC0CBBEBA}.Debug|Any CPU.ActiveCfg = Debug|Any CPU
		{C6420B9A-208D-4BB4-A617-F83EC0CBBEBA}.Debug|Any CPU.Build.0 = Debug|Any CPU
		{C6420B9A-208D-4BB4-A617-F83EC0CBBEBA}.Release|Any CPU.ActiveCfg = Release|Any CPU
		{C6420B9A-208D-4BB4-A617-F83EC0CBBEBA}.Release|Any CPU.Build.0 = Release|Any CPU
	EndGlobalSection
	GlobalSection(SolutionProperties) = preSolution
		HideSolutionNode = FALSE
	EndGlobalSection
	GlobalSection(ExtensibilityGlobals) = postSolution
		SolutionGuid = {7513B00F-1BAB-4BEB-A46D-08D4960AC0A4}
	EndGlobalSection
EndGlobal
