<Solution>
  <Configurations>
    <Platform Name="Any CPU" />
    <Platform Name="x64" />
    <Platform Name="x86" />
  </Configurations>
  <Folder Name="/tests/">
    <Project Path="tests/TheOmenDen.VRMParser.Tests/TheOmenDen.VRMParser.Tests.csproj" />
  </Folder>
  <Project Path="TheOmenDen.VRMParser/TheOmenDen.VRMParser.csproj" />
</Solution>
